Microsoft Visual Studio Solution File, Format Version 11.00
# Visual Studio 2008

Project("{14498D8A-400A-FF1C-FC93-33B6987C4997}") = "TER-2014", "Assembly-CSharp-firstpass-vs.csproj", "{B4A8F4E3-4C71-6991-7AE4-2C7BB0066E0F}"
EndProject
Project("{14498D8A-400A-FF1C-FC93-33B6987C4997}") = "TER-2014", "Assembly-CSharp-vs.csproj", "{12856C38-0860-689A-86AB-6FFA0A868BD4}"
EndProject
Project("{14498D8A-400A-FF1C-FC93-33B6987C4997}") = "TER-2014", "Assembly-CSharp-Editor-vs.csproj", "{C3D8BEE4-3086-D143-131E-8B4000F91C9B}"
EndProject
Global
	GlobalSection(SolutionConfigurationPlatforms) = preSolution
		Debug|Any CPU = Debug|Any CPU
		Release|Any CPU = Release|Any CPU
	EndGlobalSection
	GlobalSection(ProjectConfigurationPlatforms) = postSolution
		{B4A8F4E3-4C71-6991-7AE4-2C7BB0066E0F}.Debug|Any CPU.ActiveCfg = Debug|Any CPU
		{B4A8F4E3-4C71-6991-7AE4-2C7BB0066E0F}.Debug|Any CPU.Build.0 = Debug|Any CPU
		{B4A8F4E3-4C71-6991-7AE4-2C7BB0066E0F}.Release|Any CPU.ActiveCfg = Release|Any CPU
		{B4A8F4E3-4C71-6991-7AE4-2C7BB0066E0F}.Release|Any CPU.Build.0 = Release|Any CPU
		{12856C38-0860-689A-86AB-6FFA0A868BD4}.Debug|Any CPU.ActiveCfg = Debug|Any CPU
		{12856C38-0860-689A-86AB-6FFA0A868BD4}.Debug|Any CPU.Build.0 = Debug|Any CPU
		{12856C38-0860-689A-86AB-6FFA0A868BD4}.Release|Any CPU.ActiveCfg = Release|Any CPU
		{12856C38-0860-689A-86AB-6FFA0A868BD4}.Release|Any CPU.Build.0 = Release|Any CPU
		{C3D8BEE4-3086-D143-131E-8B4000F91C9B}.Debug|Any CPU.ActiveCfg = Debug|Any CPU
		{C3D8BEE4-3086-D143-131E-8B4000F91C9B}.Debug|Any CPU.Build.0 = Debug|Any CPU
		{C3D8BEE4-3086-D143-131E-8B4000F91C9B}.Release|Any CPU.ActiveCfg = Release|Any CPU
		{C3D8BEE4-3086-D143-131E-8B4000F91C9B}.Release|Any CPU.Build.0 = Release|Any CPU
	EndGlobalSection
	GlobalSection(SolutionProperties) = preSolution
		HideSolutionNode = FALSE
	EndGlobalSection
																																																																																																																																																													GlobalSection(MonoDevelopProperties) = preSolution
=======
<<<<<<< HEAD
																																																																																																																																														GlobalSection(MonoDevelopProperties) = preSolution
=======
																																																																																																																																																										GlobalSection(MonoDevelopProperties) = preSolution
>>>>>>> 19c849a1109934f7252aa4bb5e1a5c2541b8a172
>>>>>>> 4b96349a636101221179ca7e5e3b8e2b9447af1d
=======
																																																																																																																																											GlobalSection(MonoDevelopProperties) = preSolution
=======
<<<<<<< HEAD
																																																																																																																																								GlobalSection(MonoDevelopProperties) = preSolution
>>>>>>> f0a4fbe6cad7b18d2c6e4794c738bb9664688729
=======
<<<<<<< HEAD
																																																																																																																													GlobalSection(MonoDevelopProperties) = preSolution
=======
																																																																																																																																			GlobalSection(MonoDevelopProperties) = preSolution
>>>>>>> 08eda5a8fe96a09a0151dd5e40ed976a7912bcc0
>>>>>>> 81af92a9e50571fb5c51e0d7b9b7e591e1a6f69b
=======
																																																																																																																									GlobalSection(MonoDevelopProperties) = preSolution
>>>>>>> 53d783d4d9fef1d00270bba28f667fade84147ae
=======
																																																																																																																																								GlobalSection(MonoDevelopProperties) = preSolution
=======
<<<<<<< HEAD
																																																																																																																					GlobalSection(MonoDevelopProperties) = preSolution
>>>>>>> d99bd7578d426fb994084ce40027d4252066b75a
=======
<<<<<<< HEAD
																																																																																																																																			GlobalSection(MonoDevelopProperties) = preSolution
>>>>>>> aed96e78e734c55d0c11e93432b02250d8b086c4
=======
<<<<<<< HEAD
																																																																																																																													GlobalSection(MonoDevelopProperties) = preSolution
>>>>>>> e065339d0ce2ed5f6de09c85fa8ef77f837b37a8
=======
<<<<<<< HEAD
																																																																																																																			GlobalSection(MonoDevelopProperties) = preSolution
>>>>>>> 093a18b9865b04d6d356efa668f66939c0384ee0
=======
<<<<<<< HEAD
																																																																																																																									GlobalSection(MonoDevelopProperties) = preSolution
>>>>>>> ad7a1a0a16833bface237a82ee11f7cb067d1c1f
=======
																																																																																																																														GlobalSection(MonoDevelopProperties) = preSolution
>>>>>>> 6cc6518f7d48744de97ab6e34ac72f6ed19271fa
=======
																																																																																																																								GlobalSection(MonoDevelopProperties) = preSolution
>>>>>>> cfa8583a92ba0ee030b114446a2b7ca703802177
=======
<<<<<<< HEAD
																																																																																																																	GlobalSection(MonoDevelopProperties) = preSolution
>>>>>>> a77671146537cc15006afeaf5e9937c4d3471cb3
>>>>>>> 4fa8c438b6a7d6bb4849b0e7f7c0aa2eeafb37ad
=======
<<<<<<< HEAD
																																																			GlobalSection(MonoDevelopProperties) = preSolution
=======
																																																																																																																					GlobalSection(MonoDevelopProperties) = preSolution
>>>>>>> a55a8ee2fb11c60615240a496df9419bccebc472
=======
																																																	GlobalSection(MonoDevelopProperties) = preSolution
>>>>>>> fca2c2dd92fafd2bb5faef330aa1ff1daf1b2949
=======
<<<<<<< HEAD
																																																																																																											GlobalSection(MonoDevelopProperties) = preSolution
>>>>>>> 4a195e29a161a42e15ab367b0327d55cbf0abc0c
>>>>>>> 8f65f4b19e207de0180525a19158422274755a0d
=======
																																																																																																										GlobalSection(MonoDevelopProperties) = preSolution
=======
<<<<<<< HEAD
																																								GlobalSection(MonoDevelopProperties) = preSolution
>>>>>>> 39c036de21a497855edbc8a231067d0994c87ca5
=======
																																																																																																								GlobalSection(MonoDevelopProperties) = preSolution
>>>>>>> bc0587e089226beb98d08c313a289e8fc3c41791
=======
																																			GlobalSection(MonoDevelopProperties) = preSolution
>>>>>>> b8ce035014c52698ab592cbd1b198cc6d740b4a3
=======
																																																																																																			GlobalSection(MonoDevelopProperties) = preSolution
>>>>>>> 599625957234f83a86f9c666482a7b8ba106b2d0
<<<<<<< HEAD
=======
>>>>>>> ea56c3e73e311eff1769cfef92f1fa0ac059b75d
<<<<<<< HEAD
=======
>>>>>>> c1e1b65745d394344e089db96645685bfb6b7d19
=======
<<<<<<< HEAD
																																																																																															GlobalSection(MonoDevelopProperties) = preSolution
>>>>>>> a2c09e9a1110bd9af5395f02c57598f5f4e0a975
=======
<<<<<<< HEAD
																										GlobalSection(MonoDevelopProperties) = preSolution
>>>>>>> f120091498b71faa404234a0c231f29fd056c84b
=======
<<<<<<< HEAD
																																																																																											GlobalSection(MonoDevelopProperties) = preSolution
>>>>>>> 0763f56f3b534b820d99adc31f8b80c0ed17494e
=======
																																																																																										GlobalSection(MonoDevelopProperties) = preSolution
>>>>>>> aac9e8989a32c7bdc22eb8e17b5c70c948148cf8
>>>>>>> e6ca720fcb8c529e36dfae2aec21d27e72351aa8
=======
																											GlobalSection(MonoDevelopProperties) = preSolution
=======
<<<<<<< HEAD
																																																																																	GlobalSection(MonoDevelopProperties) = preSolution
>>>>>>> 59a37e25a7909407c82ebfb2551a1209861a9d29
=======
<<<<<<< HEAD
																									GlobalSection(MonoDevelopProperties) = preSolution
>>>>>>> 065de16d62cd86a2fec2476a052ac5206a4ba28b
=======
																								GlobalSection(MonoDevelopProperties) = preSolution
>>>>>>> b8b5e2bf3fe5ffa6f4fefb677c2af759af8ed55c
>>>>>>> eec44b9269516bbb4c3988a38eb76317f12e5e44
=======
<<<<<<< HEAD
																																																																							GlobalSection(MonoDevelopProperties) = preSolution
>>>>>>> 03f011a89bde03435326606cccef1b30e0bb1754
=======
<<<<<<< HEAD
																				GlobalSection(MonoDevelopProperties) = preSolution
>>>>>>> 02eaecd3f101d436363b7f7c21815160c3f6c741
=======
<<<<<<< HEAD
																																																GlobalSection(MonoDevelopProperties) = preSolution
>>>>>>> 7da9a35575371ca6e39eee6d51c35a6775e05d0b
=======
<<<<<<< HEAD
																		GlobalSection(MonoDevelopProperties) = preSolution
>>>>>>> 1fc93c4044d300473b3f145b70bc145cef2fc53d
=======
<<<<<<< HEAD
																																													GlobalSection(MonoDevelopProperties) = preSolution
>>>>>>> 68abfee58e6b71c55348436fc6cf25f5c6655da0
=======
<<<<<<< HEAD
															GlobalSection(MonoDevelopProperties) = preSolution
>>>>>>> 4cd10a527cc2a69a401c8fe9010bbeba79477295
=======
<<<<<<< HEAD
																										GlobalSection(MonoDevelopProperties) = preSolution
>>>>>>> c4d1033240fc609c995a17ab52f9ae7735d364de
=======
																																GlobalSection(MonoDevelopProperties) = preSolution
=======
<<<<<<< HEAD
																	GlobalSection(MonoDevelopProperties) = preSolution
>>>>>>> 8540264e2ef0c0227f461b4c9e4960394fcf2706
=======
														GlobalSection(MonoDevelopProperties) = preSolution
>>>>>>> cdc0dc824a7cf9bb024ed7564bb1445b547cbae4
>>>>>>> 81a5c335f2527437588471a06bf171469ad861e3
>>>>>>> f908590dc39bb99956d213562d1411174ce1deb0
=======
																	GlobalSection(MonoDevelopProperties) = preSolution
>>>>>>> 8ed020e856f060093fe369ab4ad58be6df510845
		StartupItem = Assembly-CSharp.csproj
		Policies = $0
		$0.TextStylePolicy = $1
		$1.inheritsSet = null
		$1.scope = text/x-csharp
		$0.CSharpFormattingPolicy = $2
		$2.inheritsSet = Mono
		$2.inheritsScope = text/x-csharp
		$2.scope = text/x-csharp
		$0.TextStylePolicy = $3
		$3.FileWidth = 120
		$3.TabWidth = 4
		$3.EolMarker = Unix
		$3.inheritsSet = Mono
		$3.inheritsScope = text/plain
		$3.scope = text/plain
	EndGlobalSection

EndGlobal
